
Microsoft Visual Studio Solution File, Format Version 12.00
# Visual Studio Version 17
VisualStudioVersion = 17.6.33801.468
MinimumVisualStudioVersion = 10.0.40219.1
Project("{FAE04EC0-301F-11D3-BF4B-00C04F79EFBC}") = "PIS prva vjezba", "PIS prva vjezba.csproj", "{8298A39C-3FA6-41EF-80ED-3C0740AB6859}"
EndProject
Global
	GlobalSection(SolutionConfigurationPlatforms) = preSolution
		Debug|Any CPU = Debug|Any CPU
		Release|Any CPU = Release|Any CPU
	EndGlobalSection
	GlobalSection(ProjectConfigurationPlatforms) = postSolution
		{8298A39C-3FA6-41EF-80ED-3C0740AB6859}.Debug|Any CPU.ActiveCfg = Debug|Any CPU
		{8298A39C-3FA6-41EF-80ED-3C0740AB6859}.Debug|Any CPU.Build.0 = Debug|Any CPU
		{8298A39C-3FA6-41EF-80ED-3C0740AB6859}.Release|Any CPU.ActiveCfg = Release|Any CPU
		{8298A39C-3FA6-41EF-80ED-3C0740AB6859}.Release|Any CPU.Build.0 = Release|Any CPU
	EndGlobalSection
	GlobalSection(SolutionProperties) = preSolution
		HideSolutionNode = FALSE
	EndGlobalSection
	GlobalSection(ExtensibilityGlobals) = postSolution
		SolutionGuid = {84F9D0D2-149F-4344-90D1-71D01A66A9D7}
	EndGlobalSection
EndGlobal
